// !$*UTF8*$!
{
	archiveVersion = 1;
	classes = {
	};
	objectVersion = 55;
	objects = {

/* Begin PBXBuildFile section */
		3F55121C2782E8B10042600B /* CollectionComposer2App.swift in Sources */ = {isa = PBXBuildFile; fileRef = 3F55121B2782E8B10042600B /* CollectionComposer2App.swift */; };
		3F55121E2782E8B10042600B /* ContentView.swift in Sources */ = {isa = PBXBuildFile; fileRef = 3F55121D2782E8B10042600B /* ContentView.swift */; };
		3F5512202782E8B30042600B /* Assets.xcassets in Resources */ = {isa = PBXBuildFile; fileRef = 3F55121F2782E8B30042600B /* Assets.xcassets */; };
		3F5512232782E8B30042600B /* Preview Assets.xcassets in Resources */ = {isa = PBXBuildFile; fileRef = 3F5512222782E8B30042600B /* Preview Assets.xcassets */; };
		3F6D2387278378E900B5855E /* Hinzberg.Swift.Foundation in Frameworks */ = {isa = PBXBuildFile; productRef = 3F6D2386278378E900B5855E /* Hinzberg.Swift.Foundation */; };
		3F75623E278334D90014FBEE /* README.md in Resources */ = {isa = PBXBuildFile; fileRef = 3F75623D278334D90014FBEE /* README.md */; };
		3FA5AA9A2782F30E00A375E8 /* ContentViewController.swift in Sources */ = {isa = PBXBuildFile; fileRef = 3FA5AA992782F30E00A375E8 /* ContentViewController.swift */; };
		3FA5AA9C2782F88700A375E8 /* FolderInfoRepository.swift in Sources */ = {isa = PBXBuildFile; fileRef = 3FA5AA9B2782F88700A375E8 /* FolderInfoRepository.swift */; };
		3FA5AA9E2782F8CE00A375E8 /* FolderInfo.swift in Sources */ = {isa = PBXBuildFile; fileRef = 3FA5AA9D2782F8CE00A375E8 /* FolderInfo.swift */; };
		3FA5AAA02782F91C00A375E8 /* FileHelper.swift in Sources */ = {isa = PBXBuildFile; fileRef = 3FA5AA9F2782F91C00A375E8 /* FileHelper.swift */; };
		3FA5AAA42783204800A375E8 /* FileBookmarkHandler.swift in Sources */ = {isa = PBXBuildFile; fileRef = 3FA5AAA32783204800A375E8 /* FileBookmarkHandler.swift */; };
/* End PBXBuildFile section */

/* Begin PBXFileReference section */
		3F5512182782E8B10042600B /* CollectionComposer2.app */ = {isa = PBXFileReference; explicitFileType = wrapper.application; includeInIndex = 0; path = CollectionComposer2.app; sourceTree = BUILT_PRODUCTS_DIR; };
		3F55121B2782E8B10042600B /* CollectionComposer2App.swift */ = {isa = PBXFileReference; lastKnownFileType = sourcecode.swift; path = CollectionComposer2App.swift; sourceTree = "<group>"; };
		3F55121D2782E8B10042600B /* ContentView.swift */ = {isa = PBXFileReference; lastKnownFileType = sourcecode.swift; path = ContentView.swift; sourceTree = "<group>"; };
		3F55121F2782E8B30042600B /* Assets.xcassets */ = {isa = PBXFileReference; lastKnownFileType = folder.assetcatalog; path = Assets.xcassets; sourceTree = "<group>"; };
		3F5512222782E8B30042600B /* Preview Assets.xcassets */ = {isa = PBXFileReference; lastKnownFileType = folder.assetcatalog; path = "Preview Assets.xcassets"; sourceTree = "<group>"; };
		3F5512242782E8B30042600B /* CollectionComposer2.entitlements */ = {isa = PBXFileReference; lastKnownFileType = text.plist.entitlements; path = CollectionComposer2.entitlements; sourceTree = "<group>"; };
		3F75623D278334D90014FBEE /* README.md */ = {isa = PBXFileReference; fileEncoding = 4; lastKnownFileType = net.daringfireball.markdown; path = README.md; sourceTree = "<group>"; };
		3FA5AA992782F30E00A375E8 /* ContentViewController.swift */ = {isa = PBXFileReference; lastKnownFileType = sourcecode.swift; path = ContentViewController.swift; sourceTree = "<group>"; };
		3FA5AA9B2782F88700A375E8 /* FolderInfoRepository.swift */ = {isa = PBXFileReference; lastKnownFileType = sourcecode.swift; path = FolderInfoRepository.swift; sourceTree = "<group>"; };
		3FA5AA9D2782F8CE00A375E8 /* FolderInfo.swift */ = {isa = PBXFileReference; lastKnownFileType = sourcecode.swift; path = FolderInfo.swift; sourceTree = "<group>"; };
		3FA5AA9F2782F91C00A375E8 /* FileHelper.swift */ = {isa = PBXFileReference; fileEncoding = 4; lastKnownFileType = sourcecode.swift; path = FileHelper.swift; sourceTree = "<group>"; };
		3FA5AAA32783204800A375E8 /* FileBookmarkHandler.swift */ = {isa = PBXFileReference; fileEncoding = 4; lastKnownFileType = sourcecode.swift; path = FileBookmarkHandler.swift; sourceTree = "<group>"; };
/* End PBXFileReference section */

/* Begin PBXFrameworksBuildPhase section */
		3F5512152782E8B10042600B /* Frameworks */ = {
			isa = PBXFrameworksBuildPhase;
			buildActionMask = 2147483647;
			files = (
				3F6D2387278378E900B5855E /* Hinzberg.Swift.Foundation in Frameworks */,
			);
			runOnlyForDeploymentPostprocessing = 0;
		};
/* End PBXFrameworksBuildPhase section */

/* Begin PBXGroup section */
		3F55120F2782E8B10042600B = {
			isa = PBXGroup;
			children = (
				3F75623D278334D90014FBEE /* README.md */,
				3F55121A2782E8B10042600B /* CollectionComposer2 */,
				3F5512192782E8B10042600B /* Products */,
			);
			sourceTree = "<group>";
		};
		3F5512192782E8B10042600B /* Products */ = {
			isa = PBXGroup;
			children = (
				3F5512182782E8B10042600B /* CollectionComposer2.app */,
			);
			name = Products;
			sourceTree = "<group>";
		};
		3F55121A2782E8B10042600B /* CollectionComposer2 */ = {
			isa = PBXGroup;
			children = (
				3F55121B2782E8B10042600B /* CollectionComposer2App.swift */,
				3F55121D2782E8B10042600B /* ContentView.swift */,
				3FA5AA992782F30E00A375E8 /* ContentViewController.swift */,
				3F6D23882783824300B5855E /* Data */,
				3F6D23892783824A00B5855E /* Helper */,
				3F55121F2782E8B30042600B /* Assets.xcassets */,
				3F5512242782E8B30042600B /* CollectionComposer2.entitlements */,
				3F5512212782E8B30042600B /* Preview Content */,
			);
			path = CollectionComposer2;
			sourceTree = "<group>";
		};
		3F5512212782E8B30042600B /* Preview Content */ = {
			isa = PBXGroup;
			children = (
				3F5512222782E8B30042600B /* Preview Assets.xcassets */,
			);
			path = "Preview Content";
			sourceTree = "<group>";
		};
		3F6D23882783824300B5855E /* Data */ = {
			isa = PBXGroup;
			children = (
				3FA5AA9B2782F88700A375E8 /* FolderInfoRepository.swift */,
				3FA5AA9D2782F8CE00A375E8 /* FolderInfo.swift */,
			);
			path = Data;
			sourceTree = "<group>";
		};
		3F6D23892783824A00B5855E /* Helper */ = {
			isa = PBXGroup;
			children = (
				3FA5AAA32783204800A375E8 /* FileBookmarkHandler.swift */,
				3FA5AA9F2782F91C00A375E8 /* FileHelper.swift */,
			);
			path = Helper;
			sourceTree = "<group>";
		};
/* End PBXGroup section */

/* Begin PBXNativeTarget section */
		3F5512172782E8B10042600B /* CollectionComposer2 */ = {
			isa = PBXNativeTarget;
			buildConfigurationList = 3F5512272782E8B30042600B /* Build configuration list for PBXNativeTarget "CollectionComposer2" */;
			buildPhases = (
				3F5512142782E8B10042600B /* Sources */,
				3F5512152782E8B10042600B /* Frameworks */,
				3F5512162782E8B10042600B /* Resources */,
			);
			buildRules = (
			);
			dependencies = (
			);
			name = CollectionComposer2;
			packageProductDependencies = (
				3F6D2386278378E900B5855E /* Hinzberg.Swift.Foundation */,
			);
			productName = CollectionComposer2;
			productReference = 3F5512182782E8B10042600B /* CollectionComposer2.app */;
			productType = "com.apple.product-type.application";
		};
/* End PBXNativeTarget section */

/* Begin PBXProject section */
		3F5512102782E8B10042600B /* Project object */ = {
			isa = PBXProject;
			attributes = {
				BuildIndependentTargetsInParallel = 1;
				LastSwiftUpdateCheck = 1310;
				LastUpgradeCheck = 1310;
				TargetAttributes = {
					3F5512172782E8B10042600B = {
						CreatedOnToolsVersion = 13.1;
					};
				};
			};
			buildConfigurationList = 3F5512132782E8B10042600B /* Build configuration list for PBXProject "CollectionComposer2" */;
			compatibilityVersion = "Xcode 13.0";
			developmentRegion = en;
			hasScannedForEncodings = 0;
			knownRegions = (
				en,
				Base,
			);
			mainGroup = 3F55120F2782E8B10042600B;
			packageReferences = (
				3F6D2385278378E900B5855E /* XCRemoteSwiftPackageReference "Hinzberg.Swift.Foundation" */,
			);
			productRefGroup = 3F5512192782E8B10042600B /* Products */;
			projectDirPath = "";
			projectRoot = "";
			targets = (
				3F5512172782E8B10042600B /* CollectionComposer2 */,
			);
		};
/* End PBXProject section */

/* Begin PBXResourcesBuildPhase section */
		3F5512162782E8B10042600B /* Resources */ = {
			isa = PBXResourcesBuildPhase;
			buildActionMask = 2147483647;
			files = (
				3F75623E278334D90014FBEE /* README.md in Resources */,
				3F5512232782E8B30042600B /* Preview Assets.xcassets in Resources */,
				3F5512202782E8B30042600B /* Assets.xcassets in Resources */,
			);
			runOnlyForDeploymentPostprocessing = 0;
		};
/* End PBXResourcesBuildPhase section */

/* Begin PBXSourcesBuildPhase section */
		3F5512142782E8B10042600B /* Sources */ = {
			isa = PBXSourcesBuildPhase;
			buildActionMask = 2147483647;
			files = (
				3FA5AAA42783204800A375E8 /* FileBookmarkHandler.swift in Sources */,
				3FA5AA9A2782F30E00A375E8 /* ContentViewController.swift in Sources */,
				3FA5AA9C2782F88700A375E8 /* FolderInfoRepository.swift in Sources */,
				3FA5AA9E2782F8CE00A375E8 /* FolderInfo.swift in Sources */,
				3F55121E2782E8B10042600B /* ContentView.swift in Sources */,
				3F55121C2782E8B10042600B /* CollectionComposer2App.swift in Sources */,
				3FA5AAA02782F91C00A375E8 /* FileHelper.swift in Sources */,
			);
			runOnlyForDeploymentPostprocessing = 0;
		};
/* End PBXSourcesBuildPhase section */

/* Begin XCBuildConfiguration section */
		3F5512252782E8B30042600B /* Debug */ = {
			isa = XCBuildConfiguration;
			buildSettings = {
				ALWAYS_SEARCH_USER_PATHS = NO;
				CLANG_ANALYZER_NONNULL = YES;
				CLANG_ANALYZER_NUMBER_OBJECT_CONVERSION = YES_AGGRESSIVE;
				CLANG_CXX_LANGUAGE_STANDARD = "gnu++17";
				CLANG_CXX_LIBRARY = "libc++";
				CLANG_ENABLE_MODULES = YES;
				CLANG_ENABLE_OBJC_ARC = YES;
				CLANG_ENABLE_OBJC_WEAK = YES;
				CLANG_WARN_BLOCK_CAPTURE_AUTORELEASING = YES;
				CLANG_WARN_BOOL_CONVERSION = YES;
				CLANG_WARN_COMMA = YES;
				CLANG_WARN_CONSTANT_CONVERSION = YES;
				CLANG_WARN_DEPRECATED_OBJC_IMPLEMENTATIONS = YES;
				CLANG_WARN_DIRECT_OBJC_ISA_USAGE = YES_ERROR;
				CLANG_WARN_DOCUMENTATION_COMMENTS = YES;
				CLANG_WARN_EMPTY_BODY = YES;
				CLANG_WARN_ENUM_CONVERSION = YES;
				CLANG_WARN_INFINITE_RECURSION = YES;
				CLANG_WARN_INT_CONVERSION = YES;
				CLANG_WARN_NON_LITERAL_NULL_CONVERSION = YES;
				CLANG_WARN_OBJC_IMPLICIT_RETAIN_SELF = YES;
				CLANG_WARN_OBJC_LITERAL_CONVERSION = YES;
				CLANG_WARN_OBJC_ROOT_CLASS = YES_ERROR;
				CLANG_WARN_QUOTED_INCLUDE_IN_FRAMEWORK_HEADER = YES;
				CLANG_WARN_RANGE_LOOP_ANALYSIS = YES;
				CLANG_WARN_STRICT_PROTOTYPES = YES;
				CLANG_WARN_SUSPICIOUS_MOVE = YES;
				CLANG_WARN_UNGUARDED_AVAILABILITY = YES_AGGRESSIVE;
				CLANG_WARN_UNREACHABLE_CODE = YES;
				CLANG_WARN__DUPLICATE_METHOD_MATCH = YES;
				COPY_PHASE_STRIP = NO;
				DEBUG_INFORMATION_FORMAT = dwarf;
				ENABLE_STRICT_OBJC_MSGSEND = YES;
				ENABLE_TESTABILITY = YES;
				GCC_C_LANGUAGE_STANDARD = gnu11;
				GCC_DYNAMIC_NO_PIC = NO;
				GCC_NO_COMMON_BLOCKS = YES;
				GCC_OPTIMIZATION_LEVEL = 0;
				GCC_PREPROCESSOR_DEFINITIONS = (
					"DEBUG=1",
					"$(inherited)",
				);
				GCC_WARN_64_TO_32_BIT_CONVERSION = YES;
				GCC_WARN_ABOUT_RETURN_TYPE = YES_ERROR;
				GCC_WARN_UNDECLARED_SELECTOR = YES;
				GCC_WARN_UNINITIALIZED_AUTOS = YES_AGGRESSIVE;
				GCC_WARN_UNUSED_FUNCTION = YES;
				GCC_WARN_UNUSED_VARIABLE = YES;
				MACOSX_DEPLOYMENT_TARGET = 12.0;
				MTL_ENABLE_DEBUG_INFO = INCLUDE_SOURCE;
				MTL_FAST_MATH = YES;
				ONLY_ACTIVE_ARCH = YES;
				SDKROOT = macosx;
				SWIFT_ACTIVE_COMPILATION_CONDITIONS = DEBUG;
				SWIFT_OPTIMIZATION_LEVEL = "-Onone";
			};
			name = Debug;
		};
		3F5512262782E8B30042600B /* Release */ = {
			isa = XCBuildConfiguration;
			buildSettings = {
				ALWAYS_SEARCH_USER_PATHS = NO;
				CLANG_ANALYZER_NONNULL = YES;
				CLANG_ANALYZER_NUMBER_OBJECT_CONVERSION = YES_AGGRESSIVE;
				CLANG_CXX_LANGUAGE_STANDARD = "gnu++17";
				CLANG_CXX_LIBRARY = "libc++";
				CLANG_ENABLE_MODULES = YES;
				CLANG_ENABLE_OBJC_ARC = YES;
				CLANG_ENABLE_OBJC_WEAK = YES;
				CLANG_WARN_BLOCK_CAPTURE_AUTORELEASING = YES;
				CLANG_WARN_BOOL_CONVERSION = YES;
				CLANG_WARN_COMMA = YES;
				CLANG_WARN_CONSTANT_CONVERSION = YES;
				CLANG_WARN_DEPRECATED_OBJC_IMPLEMENTATIONS = YES;
				CLANG_WARN_DIRECT_OBJC_ISA_USAGE = YES_ERROR;
				CLANG_WARN_DOCUMENTATION_COMMENTS = YES;
				CLANG_WARN_EMPTY_BODY = YES;
				CLANG_WARN_ENUM_CONVERSION = YES;
				CLANG_WARN_INFINITE_RECURSION = YES;
				CLANG_WARN_INT_CONVERSION = YES;
				CLANG_WARN_NON_LITERAL_NULL_CONVERSION = YES;
				CLANG_WARN_OBJC_IMPLICIT_RETAIN_SELF = YES;
				CLANG_WARN_OBJC_LITERAL_CONVERSION = YES;
				CLANG_WARN_OBJC_ROOT_CLASS = YES_ERROR;
				CLANG_WARN_QUOTED_INCLUDE_IN_FRAMEWORK_HEADER = YES;
				CLANG_WARN_RANGE_LOOP_ANALYSIS = YES;
				CLANG_WARN_STRICT_PROTOTYPES = YES;
				CLANG_WARN_SUSPICIOUS_MOVE = YES;
				CLANG_WARN_UNGUARDED_AVAILABILITY = YES_AGGRESSIVE;
				CLANG_WARN_UNREACHABLE_CODE = YES;
				CLANG_WARN__DUPLICATE_METHOD_MATCH = YES;
				COPY_PHASE_STRIP = NO;
				DEBUG_INFORMATION_FORMAT = "dwarf-with-dsym";
				ENABLE_NS_ASSERTIONS = NO;
				ENABLE_STRICT_OBJC_MSGSEND = YES;
				GCC_C_LANGUAGE_STANDARD = gnu11;
				GCC_NO_COMMON_BLOCKS = YES;
				GCC_WARN_64_TO_32_BIT_CONVERSION = YES;
				GCC_WARN_ABOUT_RETURN_TYPE = YES_ERROR;
				GCC_WARN_UNDECLARED_SELECTOR = YES;
				GCC_WARN_UNINITIALIZED_AUTOS = YES_AGGRESSIVE;
				GCC_WARN_UNUSED_FUNCTION = YES;
				GCC_WARN_UNUSED_VARIABLE = YES;
				MACOSX_DEPLOYMENT_TARGET = 12.0;
				MTL_ENABLE_DEBUG_INFO = NO;
				MTL_FAST_MATH = YES;
				SDKROOT = macosx;
				SWIFT_COMPILATION_MODE = wholemodule;
				SWIFT_OPTIMIZATION_LEVEL = "-O";
			};
			name = Release;
		};
		3F5512282782E8B30042600B /* Debug */ = {
			isa = XCBuildConfiguration;
			buildSettings = {
				ASSETCATALOG_COMPILER_APPICON_NAME = AppIcon;
				ASSETCATALOG_COMPILER_GLOBAL_ACCENT_COLOR_NAME = AccentColor;
				CODE_SIGN_ENTITLEMENTS = CollectionComposer2/CollectionComposer2.entitlements;
				CODE_SIGN_STYLE = Automatic;
				COMBINE_HIDPI_IMAGES = YES;
				DEVELOPMENT_ASSET_PATHS = "\"CollectionComposer2/Preview Content\"";
				DEVELOPMENT_TEAM = Q4JYUA6UF4;
				ENABLE_HARDENED_RUNTIME = YES;
				ENABLE_PREVIEWS = YES;
				GENERATE_INFOPLIST_FILE = YES;
				INFOPLIST_KEY_NSHumanReadableCopyright = "";
				LD_RUNPATH_SEARCH_PATHS = (
					"$(inherited)",
					"@executable_path/../Frameworks",
				);
				MACOSX_DEPLOYMENT_TARGET = 12.0;
				MARKETING_VERSION = 2.0;
				PRODUCT_BUNDLE_IDENTIFIER = "de.cocoa-coding.CollectionComposer2";
				PRODUCT_NAME = "$(TARGET_NAME)";
				SWIFT_EMIT_LOC_STRINGS = YES;
				SWIFT_VERSION = 5.0;
			};
			name = Debug;
		};
		3F5512292782E8B30042600B /* Release */ = {
			isa = XCBuildConfiguration;
			buildSettings = {
				ASSETCATALOG_COMPILER_APPICON_NAME = AppIcon;
				ASSETCATALOG_COMPILER_GLOBAL_ACCENT_COLOR_NAME = AccentColor;
				CODE_SIGN_ENTITLEMENTS = CollectionComposer2/CollectionComposer2.entitlements;
				CODE_SIGN_STYLE = Automatic;
				COMBINE_HIDPI_IMAGES = YES;
				DEVELOPMENT_ASSET_PATHS = "\"CollectionComposer2/Preview Content\"";
				DEVELOPMENT_TEAM = Q4JYUA6UF4;
				ENABLE_HARDENED_RUNTIME = YES;
				ENABLE_PREVIEWS = YES;
				GENERATE_INFOPLIST_FILE = YES;
				INFOPLIST_KEY_NSHumanReadableCopyright = "";
				LD_RUNPATH_SEARCH_PATHS = (
					"$(inherited)",
					"@executable_path/../Frameworks",
				);
				MACOSX_DEPLOYMENT_TARGET = 12.0;
				MARKETING_VERSION = 2.0;
				PRODUCT_BUNDLE_IDENTIFIER = "de.cocoa-coding.CollectionComposer2";
				PRODUCT_NAME = "$(TARGET_NAME)";
				SWIFT_EMIT_LOC_STRINGS = YES;
				SWIFT_VERSION = 5.0;
			};
			name = Release;
		};
/* End XCBuildConfiguration section */

/* Begin XCConfigurationList section */
		3F5512132782E8B10042600B /* Build configuration list for PBXProject "CollectionComposer2" */ = {
			isa = XCConfigurationList;
			buildConfigurations = (
				3F5512252782E8B30042600B /* Debug */,
				3F5512262782E8B30042600B /* Release */,
			);
			defaultConfigurationIsVisible = 0;
			defaultConfigurationName = Release;
		};
		3F5512272782E8B30042600B /* Build configuration list for PBXNativeTarget "CollectionComposer2" */ = {
			isa = XCConfigurationList;
			buildConfigurations = (
				3F5512282782E8B30042600B /* Debug */,
				3F5512292782E8B30042600B /* Release */,
			);
			defaultConfigurationIsVisible = 0;
			defaultConfigurationName = Release;
		};
/* End XCConfigurationList section */

/* Begin XCRemoteSwiftPackageReference section */
		3F6D2385278378E900B5855E /* XCRemoteSwiftPackageReference "Hinzberg.Swift.Foundation" */ = {
			isa = XCRemoteSwiftPackageReference;
			repositoryURL = "https://github.com/CocoaCoding/Hinzberg.Swift.Foundation.git";
			requirement = {
				branch = main;
				kind = branch;
			};
		};
/* End XCRemoteSwiftPackageReference section */

/* Begin XCSwiftPackageProductDependency section */
		3F6D2386278378E900B5855E /* Hinzberg.Swift.Foundation */ = {
			isa = XCSwiftPackageProductDependency;
			package = 3F6D2385278378E900B5855E /* XCRemoteSwiftPackageReference "Hinzberg.Swift.Foundation" */;
			productName = Hinzberg.Swift.Foundation;
		};
/* End XCSwiftPackageProductDependency section */
	};
	rootObject = 3F5512102782E8B10042600B /* Project object */;
}
